
Microsoft Visual Studio Solution File, Format Version 12.00
# Visual Studio Version 17
VisualStudioVersion = 17.5.002.0
MinimumVisualStudioVersion = 10.0.40219.1
Project("{9A19103F-16F7-4668-BE54-9A1E7A4F7556}") = "DesafioProjetoHospedagem", "DesafioProjetoHospedagem.csproj", "{3FF73C55-7B71-442C-AAE8-B1A81F08710B}"
EndProject
Global
	GlobalSection(SolutionConfigurationPlatforms) = preSolution
		Debug|Any CPU = Debug|Any CPU
		Release|Any CPU = Release|Any CPU
	EndGlobalSection
	GlobalSection(ProjectConfigurationPlatforms) = postSolution
		{3FF73C55-7B71-442C-AAE8-B1A81F08710B}.Debug|Any CPU.ActiveCfg = Debug|Any CPU
		{3FF73C55-7B71-442C-AAE8-B1A81F08710B}.Debug|Any CPU.Build.0 = Debug|Any CPU
		{3FF73C55-7B71-442C-AAE8-B1A81F08710B}.Release|Any CPU.ActiveCfg = Release|Any CPU
		{3FF73C55-7B71-442C-AAE8-B1A81F08710B}.Release|Any CPU.Build.0 = Release|Any CPU
	EndGlobalSection
	GlobalSection(SolutionProperties) = preSolution
		HideSolutionNode = FALSE
	EndGlobalSection
	GlobalSection(ExtensibilityGlobals) = postSolution
		SolutionGuid = {CC78667D-B239-4657-B870-E481D566A18F}
	EndGlobalSection
EndGlobal
